// !$*UTF8*$!
{
	archiveVersion = 1;
	classes = {
	};
	objectVersion = 56;
	objects = {

/* Begin PBXBuildFile section */
		2BC1E37128E917FA00B5881A /* AppDelegate.swift in Sources */ = {isa = PBXBuildFile; fileRef = 2BC1E37028E917FA00B5881A /* AppDelegate.swift */; };
		2BC1E37328E917FA00B5881A /* SceneDelegate.swift in Sources */ = {isa = PBXBuildFile; fileRef = 2BC1E37228E917FA00B5881A /* SceneDelegate.swift */; };
		2BC1E37528E917FA00B5881A /* ViewController.swift in Sources */ = {isa = PBXBuildFile; fileRef = 2BC1E37428E917FA00B5881A /* ViewController.swift */; };
		2BC1E37828E917FA00B5881A /* Main.storyboard in Resources */ = {isa = PBXBuildFile; fileRef = 2BC1E37628E917FA00B5881A /* Main.storyboard */; };
		2BC1E37A28E917FE00B5881A /* Assets.xcassets in Resources */ = {isa = PBXBuildFile; fileRef = 2BC1E37928E917FE00B5881A /* Assets.xcassets */; };
		2BC1E37D28E917FE00B5881A /* LaunchScreen.storyboard in Resources */ = {isa = PBXBuildFile; fileRef = 2BC1E37B28E917FE00B5881A /* LaunchScreen.storyboard */; };
		2BC1E38828E917FE00B5881A /* collection_functionTests.swift in Sources */ = {isa = PBXBuildFile; fileRef = 2BC1E38728E917FE00B5881A /* collection_functionTests.swift */; };
		2BC1E39228E917FF00B5881A /* collection_functionUITests.swift in Sources */ = {isa = PBXBuildFile; fileRef = 2BC1E39128E917FF00B5881A /* collection_functionUITests.swift */; };
		2BC1E39428E917FF00B5881A /* collection_functionUITestsLaunchTests.swift in Sources */ = {isa = PBXBuildFile; fileRef = 2BC1E39328E917FF00B5881A /* collection_functionUITestsLaunchTests.swift */; };
/* End PBXBuildFile section */

/* Begin PBXContainerItemProxy section */
		2BC1E38428E917FE00B5881A /* PBXContainerItemProxy */ = {
			isa = PBXContainerItemProxy;
			containerPortal = 2BC1E36528E917FA00B5881A /* Project object */;
			proxyType = 1;
			remoteGlobalIDString = 2BC1E36C28E917FA00B5881A;
			remoteInfo = collection_function;
		};
		2BC1E38E28E917FE00B5881A /* PBXContainerItemProxy */ = {
			isa = PBXContainerItemProxy;
			containerPortal = 2BC1E36528E917FA00B5881A /* Project object */;
			proxyType = 1;
			remoteGlobalIDString = 2BC1E36C28E917FA00B5881A;
			remoteInfo = collection_function;
		};
/* End PBXContainerItemProxy section */

/* Begin PBXFileReference section */
		2BC1E36D28E917FA00B5881A /* collection_function.app */ = {isa = PBXFileReference; explicitFileType = wrapper.application; includeInIndex = 0; path = collection_function.app; sourceTree = BUILT_PRODUCTS_DIR; };
		2BC1E37028E917FA00B5881A /* AppDelegate.swift */ = {isa = PBXFileReference; lastKnownFileType = sourcecode.swift; path = AppDelegate.swift; sourceTree = "<group>"; };
		2BC1E37228E917FA00B5881A /* SceneDelegate.swift */ = {isa = PBXFileReference; lastKnownFileType = sourcecode.swift; path = SceneDelegate.swift; sourceTree = "<group>"; };
		2BC1E37428E917FA00B5881A /* ViewController.swift */ = {isa = PBXFileReference; lastKnownFileType = sourcecode.swift; path = ViewController.swift; sourceTree = "<group>"; };
		2BC1E37728E917FA00B5881A /* Base */ = {isa = PBXFileReference; lastKnownFileType = file.storyboard; name = Base; path = Base.lproj/Main.storyboard; sourceTree = "<group>"; };
		2BC1E37928E917FE00B5881A /* Assets.xcassets */ = {isa = PBXFileReference; lastKnownFileType = folder.assetcatalog; path = Assets.xcassets; sourceTree = "<group>"; };
		2BC1E37C28E917FE00B5881A /* Base */ = {isa = PBXFileReference; lastKnownFileType = file.storyboard; name = Base; path = Base.lproj/LaunchScreen.storyboard; sourceTree = "<group>"; };
		2BC1E37E28E917FE00B5881A /* Info.plist */ = {isa = PBXFileReference; lastKnownFileType = text.plist.xml; path = Info.plist; sourceTree = "<group>"; };
		2BC1E38328E917FE00B5881A /* collection_functionTests.xctest */ = {isa = PBXFileReference; explicitFileType = wrapper.cfbundle; includeInIndex = 0; path = collection_functionTests.xctest; sourceTree = BUILT_PRODUCTS_DIR; };
		2BC1E38728E917FE00B5881A /* collection_functionTests.swift */ = {isa = PBXFileReference; lastKnownFileType = sourcecode.swift; path = collection_functionTests.swift; sourceTree = "<group>"; };
		2BC1E38D28E917FE00B5881A /* collection_functionUITests.xctest */ = {isa = PBXFileReference; explicitFileType = wrapper.cfbundle; includeInIndex = 0; path = collection_functionUITests.xctest; sourceTree = BUILT_PRODUCTS_DIR; };
		2BC1E39128E917FF00B5881A /* collection_functionUITests.swift */ = {isa = PBXFileReference; lastKnownFileType = sourcecode.swift; path = collection_functionUITests.swift; sourceTree = "<group>"; };
		2BC1E39328E917FF00B5881A /* collection_functionUITestsLaunchTests.swift */ = {isa = PBXFileReference; lastKnownFileType = sourcecode.swift; path = collection_functionUITestsLaunchTests.swift; sourceTree = "<group>"; };
/* End PBXFileReference section */

/* Begin PBXFrameworksBuildPhase section */
		2BC1E36A28E917FA00B5881A /* Frameworks */ = {
			isa = PBXFrameworksBuildPhase;
			buildActionMask = 2147483647;
			files = (
			);
			runOnlyForDeploymentPostprocessing = 0;
		};
		2BC1E38028E917FE00B5881A /* Frameworks */ = {
			isa = PBXFrameworksBuildPhase;
			buildActionMask = 2147483647;
			files = (
			);
			runOnlyForDeploymentPostprocessing = 0;
		};
		2BC1E38A28E917FE00B5881A /* Frameworks */ = {
			isa = PBXFrameworksBuildPhase;
			buildActionMask = 2147483647;
			files = (
			);
			runOnlyForDeploymentPostprocessing = 0;
		};
/* End PBXFrameworksBuildPhase section */

/* Begin PBXGroup section */
		2BC1E36428E917FA00B5881A = {
			isa = PBXGroup;
			children = (
				2BC1E36F28E917FA00B5881A /* collection_function */,
				2BC1E38628E917FE00B5881A /* collection_functionTests */,
				2BC1E39028E917FE00B5881A /* collection_functionUITests */,
				2BC1E36E28E917FA00B5881A /* Products */,
			);
			sourceTree = "<group>";
		};
		2BC1E36E28E917FA00B5881A /* Products */ = {
			isa = PBXGroup;
			children = (
				2BC1E36D28E917FA00B5881A /* collection_function.app */,
				2BC1E38328E917FE00B5881A /* collection_functionTests.xctest */,
				2BC1E38D28E917FE00B5881A /* collection_functionUITests.xctest */,
			);
			name = Products;
			sourceTree = "<group>";
		};
		2BC1E36F28E917FA00B5881A /* collection_function */ = {
			isa = PBXGroup;
			children = (
				2BC1E37028E917FA00B5881A /* AppDelegate.swift */,
				2BC1E37228E917FA00B5881A /* SceneDelegate.swift */,
				2BC1E37428E917FA00B5881A /* ViewController.swift */,
				2BC1E37628E917FA00B5881A /* Main.storyboard */,
				2BC1E37928E917FE00B5881A /* Assets.xcassets */,
				2BC1E37B28E917FE00B5881A /* LaunchScreen.storyboard */,
				2BC1E37E28E917FE00B5881A /* Info.plist */,
			);
			path = collection_function;
			sourceTree = "<group>";
		};
		2BC1E38628E917FE00B5881A /* collection_functionTests */ = {
			isa = PBXGroup;
			children = (
				2BC1E38728E917FE00B5881A /* collection_functionTests.swift */,
			);
			path = collection_functionTests;
			sourceTree = "<group>";
		};
		2BC1E39028E917FE00B5881A /* collection_functionUITests */ = {
			isa = PBXGroup;
			children = (
				2BC1E39128E917FF00B5881A /* collection_functionUITests.swift */,
				2BC1E39328E917FF00B5881A /* collection_functionUITestsLaunchTests.swift */,
			);
			path = collection_functionUITests;
			sourceTree = "<group>";
		};
/* End PBXGroup section */

/* Begin PBXNativeTarget section */
		2BC1E36C28E917FA00B5881A /* collection_function */ = {
			isa = PBXNativeTarget;
			buildConfigurationList = 2BC1E39728E917FF00B5881A /* Build configuration list for PBXNativeTarget "collection_function" */;
			buildPhases = (
				2BC1E36928E917FA00B5881A /* Sources */,
				2BC1E36A28E917FA00B5881A /* Frameworks */,
				2BC1E36B28E917FA00B5881A /* Resources */,
			);
			buildRules = (
			);
			dependencies = (
			);
			name = collection_function;
			productName = collection_function;
			productReference = 2BC1E36D28E917FA00B5881A /* collection_function.app */;
			productType = "com.apple.product-type.application";
		};
		2BC1E38228E917FE00B5881A /* collection_functionTests */ = {
			isa = PBXNativeTarget;
			buildConfigurationList = 2BC1E39A28E917FF00B5881A /* Build configuration list for PBXNativeTarget "collection_functionTests" */;
			buildPhases = (
				2BC1E37F28E917FE00B5881A /* Sources */,
				2BC1E38028E917FE00B5881A /* Frameworks */,
				2BC1E38128E917FE00B5881A /* Resources */,
			);
			buildRules = (
			);
			dependencies = (
				2BC1E38528E917FE00B5881A /* PBXTargetDependency */,
			);
			name = collection_functionTests;
			productName = collection_functionTests;
			productReference = 2BC1E38328E917FE00B5881A /* collection_functionTests.xctest */;
			productType = "com.apple.product-type.bundle.unit-test";
		};
		2BC1E38C28E917FE00B5881A /* collection_functionUITests */ = {
			isa = PBXNativeTarget;
			buildConfigurationList = 2BC1E39D28E917FF00B5881A /* Build configuration list for PBXNativeTarget "collection_functionUITests" */;
			buildPhases = (
				2BC1E38928E917FE00B5881A /* Sources */,
				2BC1E38A28E917FE00B5881A /* Frameworks */,
				2BC1E38B28E917FE00B5881A /* Resources */,
			);
			buildRules = (
			);
			dependencies = (
				2BC1E38F28E917FE00B5881A /* PBXTargetDependency */,
			);
			name = collection_functionUITests;
			productName = collection_functionUITests;
			productReference = 2BC1E38D28E917FE00B5881A /* collection_functionUITests.xctest */;
			productType = "com.apple.product-type.bundle.ui-testing";
		};
/* End PBXNativeTarget section */

/* Begin PBXProject section */
		2BC1E36528E917FA00B5881A /* Project object */ = {
			isa = PBXProject;
			attributes = {
				BuildIndependentTargetsInParallel = 1;
				LastSwiftUpdateCheck = 1400;
				LastUpgradeCheck = 1400;
				TargetAttributes = {
					2BC1E36C28E917FA00B5881A = {
						CreatedOnToolsVersion = 14.0;
					};
					2BC1E38228E917FE00B5881A = {
						CreatedOnToolsVersion = 14.0;
						TestTargetID = 2BC1E36C28E917FA00B5881A;
					};
					2BC1E38C28E917FE00B5881A = {
						CreatedOnToolsVersion = 14.0;
						TestTargetID = 2BC1E36C28E917FA00B5881A;
					};
				};
			};
			buildConfigurationList = 2BC1E36828E917FA00B5881A /* Build configuration list for PBXProject "collection_function" */;
			compatibilityVersion = "Xcode 14.0";
			developmentRegion = en;
			hasScannedForEncodings = 0;
			knownRegions = (
				en,
				Base,
			);
			mainGroup = 2BC1E36428E917FA00B5881A;
			productRefGroup = 2BC1E36E28E917FA00B5881A /* Products */;
			projectDirPath = "";
			projectRoot = "";
			targets = (
				2BC1E36C28E917FA00B5881A /* collection_function */,
				2BC1E38228E917FE00B5881A /* collection_functionTests */,
				2BC1E38C28E917FE00B5881A /* collection_functionUITests */,
			);
		};
/* End PBXProject section */

/* Begin PBXResourcesBuildPhase section */
		2BC1E36B28E917FA00B5881A /* Resources */ = {
			isa = PBXResourcesBuildPhase;
			buildActionMask = 2147483647;
			files = (
				2BC1E37D28E917FE00B5881A /* LaunchScreen.storyboard in Resources */,
				2BC1E37A28E917FE00B5881A /* Assets.xcassets in Resources */,
				2BC1E37828E917FA00B5881A /* Main.storyboard in Resources */,
			);
			runOnlyForDeploymentPostprocessing = 0;
		};
		2BC1E38128E917FE00B5881A /* Resources */ = {
			isa = PBXResourcesBuildPhase;
			buildActionMask = 2147483647;
			files = (
			);
			runOnlyForDeploymentPostprocessing = 0;
		};
		2BC1E38B28E917FE00B5881A /* Resources */ = {
			isa = PBXResourcesBuildPhase;
			buildActionMask = 2147483647;
			files = (
			);
			runOnlyForDeploymentPostprocessing = 0;
		};
/* End PBXResourcesBuildPhase section */

/* Begin PBXSourcesBuildPhase section */
		2BC1E36928E917FA00B5881A /* Sources */ = {
			isa = PBXSourcesBuildPhase;
			buildActionMask = 2147483647;
			files = (
				2BC1E37528E917FA00B5881A /* ViewController.swift in Sources */,
				2BC1E37128E917FA00B5881A /* AppDelegate.swift in Sources */,
				2BC1E37328E917FA00B5881A /* SceneDelegate.swift in Sources */,
			);
			runOnlyForDeploymentPostprocessing = 0;
		};
		2BC1E37F28E917FE00B5881A /* Sources */ = {
			isa = PBXSourcesBuildPhase;
			buildActionMask = 2147483647;
			files = (
				2BC1E38828E917FE00B5881A /* collection_functionTests.swift in Sources */,
			);
			runOnlyForDeploymentPostprocessing = 0;
		};
		2BC1E38928E917FE00B5881A /* Sources */ = {
			isa = PBXSourcesBuildPhase;
			buildActionMask = 2147483647;
			files = (
				2BC1E39428E917FF00B5881A /* collection_functionUITestsLaunchTests.swift in Sources */,
				2BC1E39228E917FF00B5881A /* collection_functionUITests.swift in Sources */,
			);
			runOnlyForDeploymentPostprocessing = 0;
		};
/* End PBXSourcesBuildPhase section */

/* Begin PBXTargetDependency section */
		2BC1E38528E917FE00B5881A /* PBXTargetDependency */ = {
			isa = PBXTargetDependency;
			target = 2BC1E36C28E917FA00B5881A /* collection_function */;
			targetProxy = 2BC1E38428E917FE00B5881A /* PBXContainerItemProxy */;
		};
		2BC1E38F28E917FE00B5881A /* PBXTargetDependency */ = {
			isa = PBXTargetDependency;
			target = 2BC1E36C28E917FA00B5881A /* collection_function */;
			targetProxy = 2BC1E38E28E917FE00B5881A /* PBXContainerItemProxy */;
		};
/* End PBXTargetDependency section */

/* Begin PBXVariantGroup section */
		2BC1E37628E917FA00B5881A /* Main.storyboard */ = {
			isa = PBXVariantGroup;
			children = (
				2BC1E37728E917FA00B5881A /* Base */,
			);
			name = Main.storyboard;
			sourceTree = "<group>";
		};
		2BC1E37B28E917FE00B5881A /* LaunchScreen.storyboard */ = {
			isa = PBXVariantGroup;
			children = (
				2BC1E37C28E917FE00B5881A /* Base */,
			);
			name = LaunchScreen.storyboard;
			sourceTree = "<group>";
		};
/* End PBXVariantGroup section */

/* Begin XCBuildConfiguration section */
		2BC1E39528E917FF00B5881A /* Debug */ = {
			isa = XCBuildConfiguration;
			buildSettings = {
				ALWAYS_SEARCH_USER_PATHS = NO;
				CLANG_ANALYZER_NONNULL = YES;
				CLANG_ANALYZER_NUMBER_OBJECT_CONVERSION = YES_AGGRESSIVE;
				CLANG_CXX_LANGUAGE_STANDARD = "gnu++20";
				CLANG_ENABLE_MODULES = YES;
				CLANG_ENABLE_OBJC_ARC = YES;
				CLANG_ENABLE_OBJC_WEAK = YES;
				CLANG_WARN_BLOCK_CAPTURE_AUTORELEASING = YES;
				CLANG_WARN_BOOL_CONVERSION = YES;
				CLANG_WARN_COMMA = YES;
				CLANG_WARN_CONSTANT_CONVERSION = YES;
				CLANG_WARN_DEPRECATED_OBJC_IMPLEMENTATIONS = YES;
				CLANG_WARN_DIRECT_OBJC_ISA_USAGE = YES_ERROR;
				CLANG_WARN_DOCUMENTATION_COMMENTS = YES;
				CLANG_WARN_EMPTY_BODY = YES;
				CLANG_WARN_ENUM_CONVERSION = YES;
				CLANG_WARN_INFINITE_RECURSION = YES;
				CLANG_WARN_INT_CONVERSION = YES;
				CLANG_WARN_NON_LITERAL_NULL_CONVERSION = YES;
				CLANG_WARN_OBJC_IMPLICIT_RETAIN_SELF = YES;
				CLANG_WARN_OBJC_LITERAL_CONVERSION = YES;
				CLANG_WARN_OBJC_ROOT_CLASS = YES_ERROR;
				CLANG_WARN_QUOTED_INCLUDE_IN_FRAMEWORK_HEADER = YES;
				CLANG_WARN_RANGE_LOOP_ANALYSIS = YES;
				CLANG_WARN_STRICT_PROTOTYPES = YES;
				CLANG_WARN_SUSPICIOUS_MOVE = YES;
				CLANG_WARN_UNGUARDED_AVAILABILITY = YES_AGGRESSIVE;
				CLANG_WARN_UNREACHABLE_CODE = YES;
				CLANG_WARN__DUPLICATE_METHOD_MATCH = YES;
				COPY_PHASE_STRIP = NO;
				DEBUG_INFORMATION_FORMAT = dwarf;
				ENABLE_STRICT_OBJC_MSGSEND = YES;
				ENABLE_TESTABILITY = YES;
				GCC_C_LANGUAGE_STANDARD = gnu11;
				GCC_DYNAMIC_NO_PIC = NO;
				GCC_NO_COMMON_BLOCKS = YES;
				GCC_OPTIMIZATION_LEVEL = 0;
				GCC_PREPROCESSOR_DEFINITIONS = (
					"DEBUG=1",
					"$(inherited)",
				);
				GCC_WARN_64_TO_32_BIT_CONVERSION = YES;
				GCC_WARN_ABOUT_RETURN_TYPE = YES_ERROR;
				GCC_WARN_UNDECLARED_SELECTOR = YES;
				GCC_WARN_UNINITIALIZED_AUTOS = YES_AGGRESSIVE;
				GCC_WARN_UNUSED_FUNCTION = YES;
				GCC_WARN_UNUSED_VARIABLE = YES;
				IPHONEOS_DEPLOYMENT_TARGET = 16.0;
				MTL_ENABLE_DEBUG_INFO = INCLUDE_SOURCE;
				MTL_FAST_MATH = YES;
				ONLY_ACTIVE_ARCH = YES;
				SDKROOT = iphoneos;
				SWIFT_ACTIVE_COMPILATION_CONDITIONS = DEBUG;
				SWIFT_OPTIMIZATION_LEVEL = "-Onone";
			};
			name = Debug;
		};
		2BC1E39628E917FF00B5881A /* Release */ = {
			isa = XCBuildConfiguration;
			buildSettings = {
				ALWAYS_SEARCH_USER_PATHS = NO;
				CLANG_ANALYZER_NONNULL = YES;
				CLANG_ANALYZER_NUMBER_OBJECT_CONVERSION = YES_AGGRESSIVE;
				CLANG_CXX_LANGUAGE_STANDARD = "gnu++20";
				CLANG_ENABLE_MODULES = YES;
				CLANG_ENABLE_OBJC_ARC = YES;
				CLANG_ENABLE_OBJC_WEAK = YES;
				CLANG_WARN_BLOCK_CAPTURE_AUTORELEASING = YES;
				CLANG_WARN_BOOL_CONVERSION = YES;
				CLANG_WARN_COMMA = YES;
				CLANG_WARN_CONSTANT_CONVERSION = YES;
				CLANG_WARN_DEPRECATED_OBJC_IMPLEMENTATIONS = YES;
				CLANG_WARN_DIRECT_OBJC_ISA_USAGE = YES_ERROR;
				CLANG_WARN_DOCUMENTATION_COMMENTS = YES;
				CLANG_WARN_EMPTY_BODY = YES;
				CLANG_WARN_ENUM_CONVERSION = YES;
				CLANG_WARN_INFINITE_RECURSION = YES;
				CLANG_WARN_INT_CONVERSION = YES;
				CLANG_WARN_NON_LITERAL_NULL_CONVERSION = YES;
				CLANG_WARN_OBJC_IMPLICIT_RETAIN_SELF = YES;
				CLANG_WARN_OBJC_LITERAL_CONVERSION = YES;
				CLANG_WARN_OBJC_ROOT_CLASS = YES_ERROR;
				CLANG_WARN_QUOTED_INCLUDE_IN_FRAMEWORK_HEADER = YES;
				CLANG_WARN_RANGE_LOOP_ANALYSIS = YES;
				CLANG_WARN_STRICT_PROTOTYPES = YES;
				CLANG_WARN_SUSPICIOUS_MOVE = YES;
				CLANG_WARN_UNGUARDED_AVAILABILITY = YES_AGGRESSIVE;
				CLANG_WARN_UNREACHABLE_CODE = YES;
				CLANG_WARN__DUPLICATE_METHOD_MATCH = YES;
				COPY_PHASE_STRIP = NO;
				DEBUG_INFORMATION_FORMAT = "dwarf-with-dsym";
				ENABLE_NS_ASSERTIONS = NO;
				ENABLE_STRICT_OBJC_MSGSEND = YES;
				GCC_C_LANGUAGE_STANDARD = gnu11;
				GCC_NO_COMMON_BLOCKS = YES;
				GCC_WARN_64_TO_32_BIT_CONVERSION = YES;
				GCC_WARN_ABOUT_RETURN_TYPE = YES_ERROR;
				GCC_WARN_UNDECLARED_SELECTOR = YES;
				GCC_WARN_UNINITIALIZED_AUTOS = YES_AGGRESSIVE;
				GCC_WARN_UNUSED_FUNCTION = YES;
				GCC_WARN_UNUSED_VARIABLE = YES;
				IPHONEOS_DEPLOYMENT_TARGET = 16.0;
				MTL_ENABLE_DEBUG_INFO = NO;
				MTL_FAST_MATH = YES;
				SDKROOT = iphoneos;
				SWIFT_COMPILATION_MODE = wholemodule;
				SWIFT_OPTIMIZATION_LEVEL = "-O";
				VALIDATE_PRODUCT = YES;
			};
			name = Release;
		};
		2BC1E39828E917FF00B5881A /* Debug */ = {
			isa = XCBuildConfiguration;
			buildSettings = {
				ASSETCATALOG_COMPILER_APPICON_NAME = AppIcon;
				ASSETCATALOG_COMPILER_GLOBAL_ACCENT_COLOR_NAME = AccentColor;
				CODE_SIGN_STYLE = Automatic;
				CURRENT_PROJECT_VERSION = 1;
				DEVELOPMENT_TEAM = LVVC852PWL;
				GENERATE_INFOPLIST_FILE = YES;
				INFOPLIST_FILE = collection_function/Info.plist;
				INFOPLIST_KEY_UIApplicationSupportsIndirectInputEvents = YES;
				INFOPLIST_KEY_UILaunchStoryboardName = LaunchScreen;
				INFOPLIST_KEY_UIMainStoryboardFile = Main;
				INFOPLIST_KEY_UISupportedInterfaceOrientations_iPad = "UIInterfaceOrientationPortrait UIInterfaceOrientationPortraitUpsideDown UIInterfaceOrientationLandscapeLeft UIInterfaceOrientationLandscapeRight";
				INFOPLIST_KEY_UISupportedInterfaceOrientations_iPhone = "UIInterfaceOrientationPortrait UIInterfaceOrientationLandscapeLeft UIInterfaceOrientationLandscapeRight";
				LD_RUNPATH_SEARCH_PATHS = (
					"$(inherited)",
					"@executable_path/Frameworks",
				);
				MARKETING_VERSION = 1.0;
				PRODUCT_BUNDLE_IDENTIFIER = "com.jru-studio.collection-function";
				PRODUCT_NAME = "$(TARGET_NAME)";
				SWIFT_EMIT_LOC_STRINGS = YES;
				SWIFT_VERSION = 5.0;
				TARGETED_DEVICE_FAMILY = "1,2";
			};
			name = Debug;
		};
		2BC1E39928E917FF00B5881A /* Release */ = {
			isa = XCBuildConfiguration;
			buildSettings = {
				ASSETCATALOG_COMPILER_APPICON_NAME = AppIcon;
				ASSETCATALOG_COMPILER_GLOBAL_ACCENT_COLOR_NAME = AccentColor;
				CODE_SIGN_STYLE = Automatic;
				CURRENT_PROJECT_VERSION = 1;
				DEVELOPMENT_TEAM = LVVC852PWL;
				GENERATE_INFOPLIST_FILE = YES;
				INFOPLIST_FILE = collection_function/Info.plist;
				INFOPLIST_KEY_UIApplicationSupportsIndirectInputEvents = YES;
				INFOPLIST_KEY_UILaunchStoryboardName = LaunchScreen;
				INFOPLIST_KEY_UIMainStoryboardFile = Main;
				INFOPLIST_KEY_UISupportedInterfaceOrientations_iPad = "UIInterfaceOrientationPortrait UIInterfaceOrientationPortraitUpsideDown UIInterfaceOrientationLandscapeLeft UIInterfaceOrientationLandscapeRight";
				INFOPLIST_KEY_UISupportedInterfaceOrientations_iPhone = "UIInterfaceOrientationPortrait UIInterfaceOrientationLandscapeLeft UIInterfaceOrientationLandscapeRight";
				LD_RUNPATH_SEARCH_PATHS = (
					"$(inherited)",
					"@executable_path/Frameworks",
				);
				MARKETING_VERSION = 1.0;
				PRODUCT_BUNDLE_IDENTIFIER = "com.jru-studio.collection-function";
				PRODUCT_NAME = "$(TARGET_NAME)";
				SWIFT_EMIT_LOC_STRINGS = YES;
				SWIFT_VERSION = 5.0;
				TARGETED_DEVICE_FAMILY = "1,2";
			};
			name = Release;
		};
		2BC1E39B28E917FF00B5881A /* Debug */ = {
			isa = XCBuildConfiguration;
			buildSettings = {
				ALWAYS_EMBED_SWIFT_STANDARD_LIBRARIES = YES;
				BUNDLE_LOADER = "$(TEST_HOST)";
				CODE_SIGN_STYLE = Automatic;
				CURRENT_PROJECT_VERSION = 1;
				DEVELOPMENT_TEAM = LVVC852PWL;
				GENERATE_INFOPLIST_FILE = YES;
				IPHONEOS_DEPLOYMENT_TARGET = 16.0;
				MARKETING_VERSION = 1.0;
				PRODUCT_BUNDLE_IDENTIFIER = "com.jru-studio.collection-functionTests";
				PRODUCT_NAME = "$(TARGET_NAME)";
				SWIFT_EMIT_LOC_STRINGS = NO;
				SWIFT_VERSION = 5.0;
				TARGETED_DEVICE_FAMILY = "1,2";
				TEST_HOST = "$(BUILT_PRODUCTS_DIR)/collection_function.app/$(BUNDLE_EXECUTABLE_FOLDER_PATH)/collection_function";
			};
			name = Debug;
		};
		2BC1E39C28E917FF00B5881A /* Release */ = {
			isa = XCBuildConfiguration;
			buildSettings = {
				ALWAYS_EMBED_SWIFT_STANDARD_LIBRARIES = YES;
				BUNDLE_LOADER = "$(TEST_HOST)";
				CODE_SIGN_STYLE = Automatic;
				CURRENT_PROJECT_VERSION = 1;
				DEVELOPMENT_TEAM = LVVC852PWL;
				GENERATE_INFOPLIST_FILE = YES;
				IPHONEOS_DEPLOYMENT_TARGET = 16.0;
				MARKETING_VERSION = 1.0;
				PRODUCT_BUNDLE_IDENTIFIER = "com.jru-studio.collection-functionTests";
				PRODUCT_NAME = "$(TARGET_NAME)";
				SWIFT_EMIT_LOC_STRINGS = NO;
				SWIFT_VERSION = 5.0;
				TARGETED_DEVICE_FAMILY = "1,2";
				TEST_HOST = "$(BUILT_PRODUCTS_DIR)/collection_function.app/$(BUNDLE_EXECUTABLE_FOLDER_PATH)/collection_function";
			};
			name = Release;
		};
		2BC1E39E28E917FF00B5881A /* Debug */ = {
			isa = XCBuildConfiguration;
			buildSettings = {
				ALWAYS_EMBED_SWIFT_STANDARD_LIBRARIES = YES;
				CODE_SIGN_STYLE = Automatic;
				CURRENT_PROJECT_VERSION = 1;
				DEVELOPMENT_TEAM = LVVC852PWL;
				GENERATE_INFOPLIST_FILE = YES;
				MARKETING_VERSION = 1.0;
				PRODUCT_BUNDLE_IDENTIFIER = "com.jru-studio.collection-functionUITests";
				PRODUCT_NAME = "$(TARGET_NAME)";
				SWIFT_EMIT_LOC_STRINGS = NO;
				SWIFT_VERSION = 5.0;
				TARGETED_DEVICE_FAMILY = "1,2";
				TEST_TARGET_NAME = collection_function;
			};
			name = Debug;
		};
		2BC1E39F28E917FF00B5881A /* Release */ = {
			isa = XCBuildConfiguration;
			buildSettings = {
				ALWAYS_EMBED_SWIFT_STANDARD_LIBRARIES = YES;
				CODE_SIGN_STYLE = Automatic;
				CURRENT_PROJECT_VERSION = 1;
				DEVELOPMENT_TEAM = LVVC852PWL;
				GENERATE_INFOPLIST_FILE = YES;
				MARKETING_VERSION = 1.0;
				PRODUCT_BUNDLE_IDENTIFIER = "com.jru-studio.collection-functionUITests";
				PRODUCT_NAME = "$(TARGET_NAME)";
				SWIFT_EMIT_LOC_STRINGS = NO;
				SWIFT_VERSION = 5.0;
				TARGETED_DEVICE_FAMILY = "1,2";
				TEST_TARGET_NAME = collection_function;
			};
			name = Release;
		};
/* End XCBuildConfiguration section */

/* Begin XCConfigurationList section */
		2BC1E36828E917FA00B5881A /* Build configuration list for PBXProject "collection_function" */ = {
			isa = XCConfigurationList;
			buildConfigurations = (
				2BC1E39528E917FF00B5881A /* Debug */,
				2BC1E39628E917FF00B5881A /* Release */,
			);
			defaultConfigurationIsVisible = 0;
			defaultConfigurationName = Release;
		};
		2BC1E39728E917FF00B5881A /* Build configuration list for PBXNativeTarget "collection_function" */ = {
			isa = XCConfigurationList;
			buildConfigurations = (
				2BC1E39828E917FF00B5881A /* Debug */,
				2BC1E39928E917FF00B5881A /* Release */,
			);
			defaultConfigurationIsVisible = 0;
			defaultConfigurationName = Release;
		};
		2BC1E39A28E917FF00B5881A /* Build configuration list for PBXNativeTarget "collection_functionTests" */ = {
			isa = XCConfigurationList;
			buildConfigurations = (
				2BC1E39B28E917FF00B5881A /* Debug */,
				2BC1E39C28E917FF00B5881A /* Release */,
			);
			defaultConfigurationIsVisible = 0;
			defaultConfigurationName = Release;
		};
		2BC1E39D28E917FF00B5881A /* Build configuration list for PBXNativeTarget "collection_functionUITests" */ = {
			isa = XCConfigurationList;
			buildConfigurations = (
				2BC1E39E28E917FF00B5881A /* Debug */,
				2BC1E39F28E917FF00B5881A /* Release */,
			);
			defaultConfigurationIsVisible = 0;
			defaultConfigurationName = Release;
		};
/* End XCConfigurationList section */
	};
	rootObject = 2BC1E36528E917FA00B5881A /* Project object */;
}
